
Microsoft Visual Studio Solution File, Format Version 12.00
# Visual Studio Version 17
VisualStudioVersion = 17.3.32922.545
MinimumVisualStudioVersion = 10.0.40219.1
Project("{9A19103F-16F7-4668-BE54-9A1E7A4F7556}") = "JuegoDados", "JuegoDados\JuegoDados.csproj", "{63E0D5B5-BDC3-4A8F-8193-5922899D5032}"
EndProject
Global
	GlobalSection(SolutionConfigurationPlatforms) = preSolution
		Debug|Any CPU = Debug|Any CPU
		Release|Any CPU = Release|Any CPU
	EndGlobalSection
	GlobalSection(ProjectConfigurationPlatforms) = postSolution
		{63E0D5B5-BDC3-4A8F-8193-5922899D5032}.Debug|Any CPU.ActiveCfg = Debug|Any CPU
		{63E0D5B5-BDC3-4A8F-8193-5922899D5032}.Debug|Any CPU.Build.0 = Debug|Any CPU
		{63E0D5B5-BDC3-4A8F-8193-5922899D5032}.Release|Any CPU.ActiveCfg = Release|Any CPU
		{63E0D5B5-BDC3-4A8F-8193-5922899D5032}.Release|Any CPU.Build.0 = Release|Any CPU
	EndGlobalSection
	GlobalSection(SolutionProperties) = preSolution
		HideSolutionNode = FALSE
	EndGlobalSection
	GlobalSection(ExtensibilityGlobals) = postSolution
		SolutionGuid = {AFC6A8D5-DAFB-41FF-8F9E-46CF77BC5481}
	EndGlobalSection
EndGlobal
